schema_version: "1.0"
kind: "rule"
id: "NDK-MONO-METS-ALTO-TEXT-BLOCK"
title:
  cs: "Cíl textové vazby: TextBlock"
description:
  cs: "Blokové vazby logické struktury METS do souborů ALTO podle DMF Monografie 2.3, oddělené od fyzických odkazů na celé soubory a od výčtů stran."
national_standard:
  id: "ndk-monograph"
versions:
  -
    version: "2.3"
    status: "normative"
    target:
      entity: "METS-AREA-BEGIN"
    relation_to_target:
      type: "restricts"
    category: "structure/mets-alto-links"
    obligation: "mandatory"
    obligation_source: "prose"
    object_types:
      vocabulary: "NDK-OBJECT-TYPES"
      values:
        - "monograph"
    normative_requirement:
      cs: "Odkaz textového bloku míří na odpovídající TextBlock v ALTO."
    requirement:
      presence: "required"
      cardinality:
        min: 1
        max: 1
      validations:
        -
          type: "custom"
          expression: "V souboru zvoleném přes FILEID vyhledat podle BEGIN TextBlock ve správném namespace ALTO. Page, TextLine, String ani textový blok z jiného souboru nejsou náhradou. Ověřit, že obsah odpovídá textové části popisované logickým div."
    condition:
      all:
        -
          field: "object_type"
          operator: "equals"
          value: "monograph"
        -
          field: "document_role"
          operator: "equals"
          value: "main_mets"
        -
          field: "logical_description_mode"
          operator: "equals"
          value: "internal_parts_alto"
        -
          field: "structmap_type"
          operator: "equals"
          value: "LOGICAL"
        -
          field: "logical_content_role"
          operator: "equals"
          value: "text_block"
        -
          field: "element_role"
          operator: "equals"
          value: "alto_block_area"
    source:
      document: "DMF Monografie"
      version: "2.3"
      page: "93, 95–98"
      section: "7.7.1.2.1 Logická struktura s vazbou na ALTO bloky"
      url: "https://standardy.ndk.cz/ndk/standardy-digitalizace/DMF_monografie_2.3_final.pdf"
    references:
      -
        document: "METS XML Schema"
        version: "1.9.1"
        page: null
        section: "divType/fptr; areaType"
        url: "https://www.loc.gov/standards/mets/version191/mets.xsd"
      -
        document: "ALTO XML Schema"
        version: "2.0"
        page: null
        section: "TextBlock; ComposedBlock; BlockType/@ID"
        url: "https://www.loc.gov/standards/alto/v2/alto-2-0.xsd"
      -
        document: "ALTO XML Schema"
        version: "4.4"
        page: null
        section: "TextBlock; ComposedBlock; BlockType/@ID"
        url: "https://www.loc.gov/standards/alto/v4/alto-4-4.xsd"
      -
        document: "DMF Monografie"
        version: "2.3"
        page: "4–5"
        section: "1.3 Granularita popisu; 1.4 Verze standardů"
        url: "https://standardy.ndk.cz/ndk/standardy-digitalizace/DMF_monografie_2.3_final.pdf"
    examples:
      -
        id: "sip-mets-alto-links-text-block-1"
        title:
          cs: "Záznam prvního souboru ALTO v METS"
        language: "xml"
        kind: "source_excerpt"
        code: |
          <mets:file CHECKSUM="a5cceecc68f28b235510803181545aab" CHECKSUMTYPE="MD5" CREATED="2026-06-25T09:09:42" ID="alto_0001" MIMETYPE="text/xml" SEQ="0" SIZE="5693" xmlns:mets="http://www.loc.gov/METS/">
            <mets:FLocat LOCTYPE="URL" xlink:href="alto/alto_75faba8d-c629-11f0-8950-12e8557df20e_0001.xml" xmlns:xlink="http://www.w3.org/1999/xlink" />
          </mets:file>
        note:
          cs: "Přesný výřez ukazuje pouze záznam souboru nebo existující textový blok. Zdrojový SIP nemá logické blokové odkazy: ukázka nedokládá existenci fptr/area ani správné přiřazení kapitoly. Není univerzální šablonou ani potvrzením validity."
        source:
          document: "Vzorový SIP monografie dodaný uživatelem, 75faba8d-c629-11f0-8950-12e8557df20e"
          version: "DMF Monografie 2.3 (deklarováno v info.xml)"
          page: null
          section: "Hlavní METS — záznam ALTO"
          url: "https://owncloud.cesnet.cz/index.php/s/5ZXf1zfDQYiLgSl/download"
        file_path: "mets_75faba8d-c629-11f0-8950-12e8557df20e.xml"
        file_sha256: "7dcc4fe0de7f5eb1f9ea2eb260329957f956657fe5bf6b030fee1807e5741473"
        source_xpath: "/mets:mets/mets:fileSec/mets:fileGrp/mets:file[@ID=\"alto_0001\"]"
        namespaces:
          mets: "http://www.loc.gov/METS/"
          alto: "http://www.loc.gov/standards/alto/ns-v4#"
          xlink: "http://www.w3.org/1999/xlink"
        checked_on: "2026-10-06"
      -
        id: "sip-mets-alto-links-text-block-2"
        title:
          cs: "Textový blok z prvního souboru ALTO"
        language: "xml"
        kind: "source_excerpt"
        code: |
          <TextBlock ID="Page1_Block1" HEIGHT="121" WIDTH="1122" VPOS="597" HPOS="198" STYLEREFS="StyleId-66A11E08-7E9C-4BA4-842D-EC37175B4B16- font4" xmlns="http://www.loc.gov/standards/alto/ns-v4#">
            <TextLine HEIGHT="106" WIDTH="1106" VPOS="606" HPOS="207">
              <String LANG="sk" CONTENT="Tomáš" HEIGHT="106" WIDTH="364" VPOS="606" HPOS="207" />
              <SP HEIGHT="106" WIDTH="76" VPOS="606" HPOS="572" />
              <String LANG="en-US" CONTENT="Alva" HEIGHT="106" WIDTH="240" VPOS="606" HPOS="649" />
              <SP HEIGHT="104" WIDTH="62" VPOS="606" HPOS="890" />
              <String LANG="sk" CONTENT="Edison" HEIGHT="104" WIDTH="360" VPOS="606" HPOS="953" />
            </TextLine>
          </TextBlock>
        note:
          cs: "Přesný výřez ukazuje pouze záznam souboru nebo existující textový blok. Zdrojový SIP nemá logické blokové odkazy: ukázka nedokládá existenci fptr/area ani správné přiřazení kapitoly. Není univerzální šablonou ani potvrzením validity."
        source:
          document: "Vzorový SIP monografie dodaný uživatelem, 75faba8d-c629-11f0-8950-12e8557df20e"
          version: "ALTO namespace v4 (minor verze ve zdroji neuvedena)"
          page: null
          section: "ALTO první stránky — TextBlock"
          url: "https://owncloud.cesnet.cz/index.php/s/5ZXf1zfDQYiLgSl/download"
        file_path: "alto/alto_75faba8d-c629-11f0-8950-12e8557df20e_0001.xml"
        file_sha256: "a130c403cfbcf41119e3eba49cba65cd0a831d47a1d4f74e4a399edb54f6d326"
        source_xpath: "/alto:alto/alto:Layout/alto:Page/alto:PrintSpace/alto:TextBlock[@ID=\"Page1_Block1\"]"
        namespaces:
          mets: "http://www.loc.gov/METS/"
          alto: "http://www.loc.gov/standards/alto/ns-v4#"
          xlink: "http://www.w3.org/1999/xlink"
        checked_on: "2026-10-06"
    verification:
      status: "verified"
      date: "2026-10-06"
      reference: "DMF 2.3, s. 93 a vizuálně ověřené s. 95–98; deklarace METS 1.9.1 a ALTO 2.0/4.4 porovnány. Ukázky mají XPath a SHA-256. Ověřen přepis požadavků a původ výřezů, nikoli validita celého SIP nebo implementace nástrojů."
    interpretation:
      cs: "Platí například pro nadpis, podnadpis, autora, překladatele, běžný text, poznámku či textové části obrazu. Rozhoduje rozšířené XML jméno (namespace a lokální název), ne konkrétní prefix. DMF 2.3 odkazuje na ALTO 2.0 a 4.4; namespace rozlišuje hlavní verzi, sám nepotvrzuje minor verzi. Platí pouze pro zvolený režim internal_parts_alto. Role bloku vychází z významu popisovaného obsahu, nikoli z existence kontrolovaného odkazu nebo správně vyplněného TYPE. Nevyžaduje se výskyt všech druhů bloků v každé knize; pravidlo řeší vazbu již popisovaného bloku. Kódy povinnosti uzlů v tabulce se nekopírují k těmto vazebním požadavkům. Custom kontroly registr nevykonává; externí validátor ani implementace nástrojů nebyly ověřeny."
relations:
  -
    type: "related_to"
    target: "NDK-MONO-METS-PARTS-CHAPTER"
  -
    type: "related_to"
    target: "NDK-MONO-METS-PARTS-PART-PAGE-COVERAGE"
  -
    type: "related_to"
    target: "NDK-MONO-METS-ALTO-BEGIN"
  -
    type: "related_to"
    target: "NDK-MONO-METS-ALTO-BLOCK-TYPE"
